# This file is automatically @generated by Poetry 1.8.4 and should not be changed by hand.

[[package]]
name = "compone"
version = "0.4.0"
description = "Component framework for Python"
optional = false
python-versions = "*"
files = []
develop = true

[package.source]
type = "directory"
url = "../../core"

[metadata]
lock-version = "2.0"
python-versions = "^3.8"
content-hash = "3baefc0f906c391a40259258c9ac6ce3c1c40f7629b47951bdb54f9328ff2104"
